
Microsoft Visual Studio Solution File, Format Version 12.00
# Visual Studio Version 16
VisualStudioVersion = 16.0.31112.23
MinimumVisualStudioVersion = 10.0.40219.1
Project("{FAE04EC0-301F-11D3-BF4B-00C04F79EFBC}") = "Assessment-MatematicaDiscreta", "Assessment-MatematicaDiscreta.csproj", "{FB43EF24-B636-460B-A389-58E43A4995A4}"
EndProject
Global
	GlobalSection(SolutionConfigurationPlatforms) = preSolution
		Debug|Any CPU = Debug|Any CPU
		Release|Any CPU = Release|Any CPU
	EndGlobalSection
	GlobalSection(ProjectConfigurationPlatforms) = postSolution
		{FB43EF24-B636-460B-A389-58E43A4995A4}.Debug|Any CPU.ActiveCfg = Debug|Any CPU
		{FB43EF24-B636-460B-A389-58E43A4995A4}.Debug|Any CPU.Build.0 = Debug|Any CPU
		{FB43EF24-B636-460B-A389-58E43A4995A4}.Release|Any CPU.ActiveCfg = Release|Any CPU
		{FB43EF24-B636-460B-A389-58E43A4995A4}.Release|Any CPU.Build.0 = Release|Any CPU
	EndGlobalSection
	GlobalSection(SolutionProperties) = preSolution
		HideSolutionNode = FALSE
	EndGlobalSection
	GlobalSection(ExtensibilityGlobals) = postSolution
		SolutionGuid = {C3D31DD1-F578-48D5-8BA5-716D3C99CD69}
	EndGlobalSection
EndGlobal
